
Microsoft Visual Studio Solution File, Format Version 12.00
# Visual Studio 15
VisualStudioVersion = 15.0.28307.645
MinimumVisualStudioVersion = 10.0.40219.1
Project("{FAE04EC0-301F-11D3-BF4B-00C04F79EFBC}") = "SearchingSorting", "SearchingSorting\SearchingSorting.csproj", "{6ACAED1C-3E09-4098-8399-C98A1EFD28AD}"
EndProject
Global
	GlobalSection(SolutionConfigurationPlatforms) = preSolution
		Debug|Any CPU = Debug|Any CPU
		Release|Any CPU = Release|Any CPU
	EndGlobalSection
	GlobalSection(ProjectConfigurationPlatforms) = postSolution
		{6ACAED1C-3E09-4098-8399-C98A1EFD28AD}.Debug|Any CPU.ActiveCfg = Debug|Any CPU
		{6ACAED1C-3E09-4098-8399-C98A1EFD28AD}.Debug|Any CPU.Build.0 = Debug|Any CPU
		{6ACAED1C-3E09-4098-8399-C98A1EFD28AD}.Release|Any CPU.ActiveCfg = Release|Any CPU
		{6ACAED1C-3E09-4098-8399-C98A1EFD28AD}.Release|Any CPU.Build.0 = Release|Any CPU
	EndGlobalSection
	GlobalSection(SolutionProperties) = preSolution
		HideSolutionNode = FALSE
	EndGlobalSection
	GlobalSection(ExtensibilityGlobals) = postSolution
		SolutionGuid = {6E28DB6A-0D23-4F83-A8BB-46780CABE5EF}
	EndGlobalSection
EndGlobal
